
Microsoft Visual Studio Solution File, Format Version 12.00
# Visual Studio 14
VisualStudioVersion = 14.0.25420.1
MinimumVisualStudioVersion = 10.0.40219.1
Project("{FAE04EC0-301F-11D3-BF4B-00C04F79EFBC}") = "OnToyOnTube.Droid", "OnToyOnTube\OnToyOnTube.Droid\OnToyOnTube.Droid.csproj", "{B208BDAA-F982-403C-AC69-067AF2CA9233}"
EndProject
Project("{FAE04EC0-301F-11D3-BF4B-00C04F79EFBC}") = "OnToyOnTube.iOS", "OnToyOnTube\OnToyOnTube.iOS\OnToyOnTube.iOS.csproj", "{D063AD26-91DB-47C8-AB85-FA00C36BAE12}"
EndProject
Project("{FAE04EC0-301F-11D3-BF4B-00C04F79EFBC}") = "OnToyOnTube.WinPhone", "OnToyOnTube\OnToyOnTube.WinPhone\OnToyOnTube.WinPhone.csproj", "{6A05AD3D-2B9A-4F9D-B001-FD8499AE2086}"
EndProject
Project("{FAE04EC0-301F-11D3-BF4B-00C04F79EFBC}") = "OnToyOnTube.UWP", "OnToyOnTube\OnToyOnTube.UWP\OnToyOnTube.UWP.csproj", "{AFFCBA14-19E8-45DC-94BD-F3BF7124924A}"
EndProject
Project("{FAE04EC0-301F-11D3-BF4B-00C04F79EFBC}") = "OnToyOnTube.Windows", "OnToyOnTube\OnToyOnTube.Windows\OnToyOnTube.Windows.csproj", "{A937DB6D-C28C-4D60-BFDB-8A1549319EEA}"
EndProject
Project("{FAE04EC0-301F-11D3-BF4B-00C04F79EFBC}") = "OnToyOnTube", "OnToyOnTube\OnToyOnTube\OnToyOnTube.csproj", "{34674AFB-0AC1-4C86-95CF-EA033EC4D546}"
EndProject
Global
	GlobalSection(SolutionConfigurationPlatforms) = preSolution
		Ad-Hoc|Any CPU = Ad-Hoc|Any CPU
		Ad-Hoc|ARM = Ad-Hoc|ARM
		Ad-Hoc|iPhone = Ad-Hoc|iPhone
		Ad-Hoc|iPhoneSimulator = Ad-Hoc|iPhoneSimulator
		Ad-Hoc|x64 = Ad-Hoc|x64
		Ad-Hoc|x86 = Ad-Hoc|x86
		AppStore|Any CPU = AppStore|Any CPU
		AppStore|ARM = AppStore|ARM
		AppStore|iPhone = AppStore|iPhone
		AppStore|iPhoneSimulator = AppStore|iPhoneSimulator
		AppStore|x64 = AppStore|x64
		AppStore|x86 = AppStore|x86
		Debug|Any CPU = Debug|Any CPU
		Debug|ARM = Debug|ARM
		Debug|iPhone = Debug|iPhone
		Debug|iPhoneSimulator = Debug|iPhoneSimulator
		Debug|x64 = Debug|x64
		Debug|x86 = Debug|x86
		Release|Any CPU = Release|Any CPU
		Release|ARM = Release|ARM
		Release|iPhone = Release|iPhone
		Release|iPhoneSimulator = Release|iPhoneSimulator
		Release|x64 = Release|x64
		Release|x86 = Release|x86
	EndGlobalSection
	GlobalSection(ProjectConfigurationPlatforms) = postSolution
		{B208BDAA-F982-403C-AC69-067AF2CA9233}.Ad-Hoc|Any CPU.ActiveCfg = Release|Any CPU
		{B208BDAA-F982-403C-AC69-067AF2CA9233}.Ad-Hoc|Any CPU.Build.0 = Release|Any CPU
		{B208BDAA-F982-403C-AC69-067AF2CA9233}.Ad-Hoc|Any CPU.Deploy.0 = Release|Any CPU
		{B208BDAA-F982-403C-AC69-067AF2CA9233}.Ad-Hoc|ARM.ActiveCfg = Release|Any CPU
		{B208BDAA-F982-403C-AC69-067AF2CA9233}.Ad-Hoc|ARM.Build.0 = Release|Any CPU
		{B208BDAA-F982-403C-AC69-067AF2CA9233}.Ad-Hoc|ARM.Deploy.0 = Release|Any CPU
		{B208BDAA-F982-403C-AC69-067AF2CA9233}.Ad-Hoc|iPhone.ActiveCfg = Release|Any CPU
		{B208BDAA-F982-403C-AC69-067AF2CA9233}.Ad-Hoc|iPhone.Build.0 = Release|Any CPU
		{B208BDAA-F982-403C-AC69-067AF2CA9233}.Ad-Hoc|iPhone.Deploy.0 = Release|Any CPU
		{B208BDAA-F982-403C-AC69-067AF2CA9233}.Ad-Hoc|iPhoneSimulator.ActiveCfg = Release|Any CPU
		{B208BDAA-F982-403C-AC69-067AF2CA9233}.Ad-Hoc|iPhoneSimulator.Build.0 = Release|Any CPU
		{B208BDAA-F982-403C-AC69-067AF2CA9233}.Ad-Hoc|iPhoneSimulator.Deploy.0 = Release|Any CPU
		{B208BDAA-F982-403C-AC69-067AF2CA9233}.Ad-Hoc|x64.ActiveCfg = Release|Any CPU
		{B208BDAA-F982-403C-AC69-067AF2CA9233}.Ad-Hoc|x64.Build.0 = Release|Any CPU
		{B208BDAA-F982-403C-AC69-067AF2CA9233}.Ad-Hoc|x64.Deploy.0 = Release|Any CPU
		{B208BDAA-F982-403C-AC69-067AF2CA9233}.Ad-Hoc|x86.ActiveCfg = Release|Any CPU
		{B208BDAA-F982-403C-AC69-067AF2CA9233}.Ad-Hoc|x86.Build.0 = Release|Any CPU
		{B208BDAA-F982-403C-AC69-067AF2CA9233}.Ad-Hoc|x86.Deploy.0 = Release|Any CPU
		{B208BDAA-F982-403C-AC69-067AF2CA9233}.AppStore|Any CPU.ActiveCfg = Release|Any CPU
		{B208BDAA-F982-403C-AC69-067AF2CA9233}.AppStore|Any CPU.Build.0 = Release|Any CPU
		{B208BDAA-F982-403C-AC69-067AF2CA9233}.AppStore|Any CPU.Deploy.0 = Release|Any CPU
		{B208BDAA-F982-403C-AC69-067AF2CA9233}.AppStore|ARM.ActiveCfg = Release|Any CPU
		{B208BDAA-F982-403C-AC69-067AF2CA9233}.AppStore|ARM.Build.0 = Release|Any CPU
		{B208BDAA-F982-403C-AC69-067AF2CA9233}.AppStore|ARM.Deploy.0 = Release|Any CPU
		{B208BDAA-F982-403C-AC69-067AF2CA9233}.AppStore|iPhone.ActiveCfg = Release|Any CPU
		{B208BDAA-F982-403C-AC69-067AF2CA9233}.AppStore|iPhone.Build.0 = Release|Any CPU
		{B208BDAA-F982-403C-AC69-067AF2CA9233}.AppStore|iPhone.Deploy.0 = Release|Any CPU
		{B208BDAA-F982-403C-AC69-067AF2CA9233}.AppStore|iPhoneSimulator.ActiveCfg = Release|Any CPU
		{B208BDAA-F982-403C-AC69-067AF2CA9233}.AppStore|iPhoneSimulator.Build.0 = Release|Any CPU
		{B208BDAA-F982-403C-AC69-067AF2CA9233}.AppStore|iPhoneSimulator.Deploy.0 = Release|Any CPU
		{B208BDAA-F982-403C-AC69-067AF2CA9233}.AppStore|x64.ActiveCfg = Release|Any CPU
		{B208BDAA-F982-403C-AC69-067AF2CA9233}.AppStore|x64.Build.0 = Release|Any CPU
		{B208BDAA-F982-403C-AC69-067AF2CA9233}.AppStore|x64.Deploy.0 = Release|Any CPU
		{B208BDAA-F982-403C-AC69-067AF2CA9233}.AppStore|x86.ActiveCfg = Release|Any CPU
		{B208BDAA-F982-403C-AC69-067AF2CA9233}.AppStore|x86.Build.0 = Release|Any CPU
		{B208BDAA-F982-403C-AC69-067AF2CA9233}.AppStore|x86.Deploy.0 = Release|Any CPU
		{B208BDAA-F982-403C-AC69-067AF2CA9233}.Debug|Any CPU.ActiveCfg = Debug|Any CPU
		{B208BDAA-F982-403C-AC69-067AF2CA9233}.Debug|Any CPU.Build.0 = Debug|Any CPU
		{B208BDAA-F982-403C-AC69-067AF2CA9233}.Debug|Any CPU.Deploy.0 = Debug|Any CPU
		{B208BDAA-F982-403C-AC69-067AF2CA9233}.Debug|ARM.ActiveCfg = Debug|Any CPU
		{B208BDAA-F982-403C-AC69-067AF2CA9233}.Debug|ARM.Build.0 = Debug|Any CPU
		{B208BDAA-F982-403C-AC69-067AF2CA9233}.Debug|ARM.Deploy.0 = Debug|Any CPU
		{B208BDAA-F982-403C-AC69-067AF2CA9233}.Debug|iPhone.ActiveCfg = Debug|Any CPU
		{B208BDAA-F982-403C-AC69-067AF2CA9233}.Debug|iPhone.Build.0 = Debug|Any CPU
		{B208BDAA-F982-403C-AC69-067AF2CA9233}.Debug|iPhone.Deploy.0 = Debug|Any CPU
		{B208BDAA-F982-403C-AC69-067AF2CA9233}.Debug|iPhoneSimulator.ActiveCfg = Debug|Any CPU
		{B208BDAA-F982-403C-AC69-067AF2CA9233}.Debug|iPhoneSimulator.Build.0 = Debug|Any CPU
		{B208BDAA-F982-403C-AC69-067AF2CA9233}.Debug|iPhoneSimulator.Deploy.0 = Debug|Any CPU
		{B208BDAA-F982-403C-AC69-067AF2CA9233}.Debug|x64.ActiveCfg = Debug|Any CPU
		{B208BDAA-F982-403C-AC69-067AF2CA9233}.Debug|x64.Build.0 = Debug|Any CPU
		{B208BDAA-F982-403C-AC69-067AF2CA9233}.Debug|x64.Deploy.0 = Debug|Any CPU
		{B208BDAA-F982-403C-AC69-067AF2CA9233}.Debug|x86.ActiveCfg = Debug|Any CPU
		{B208BDAA-F982-403C-AC69-067AF2CA9233}.Debug|x86.Build.0 = Debug|Any CPU
		{B208BDAA-F982-403C-AC69-067AF2CA9233}.Debug|x86.Deploy.0 = Debug|Any CPU
		{B208BDAA-F982-403C-AC69-067AF2CA9233}.Release|Any CPU.ActiveCfg = Release|Any CPU
		{B208BDAA-F982-403C-AC69-067AF2CA9233}.Release|Any CPU.Build.0 = Release|Any CPU
		{B208BDAA-F982-403C-AC69-067AF2CA9233}.Release|Any CPU.Deploy.0 = Release|Any CPU
		{B208BDAA-F982-403C-AC69-067AF2CA9233}.Release|ARM.ActiveCfg = Release|Any CPU
		{B208BDAA-F982-403C-AC69-067AF2CA9233}.Release|ARM.Build.0 = Release|Any CPU
		{B208BDAA-F982-403C-AC69-067AF2CA9233}.Release|ARM.Deploy.0 = Release|Any CPU
		{B208BDAA-F982-403C-AC69-067AF2CA9233}.Release|iPhone.ActiveCfg = Release|Any CPU
		{B208BDAA-F982-403C-AC69-067AF2CA9233}.Release|iPhone.Build.0 = Release|Any CPU
		{B208BDAA-F982-403C-AC69-067AF2CA9233}.Release|iPhone.Deploy.0 = Release|Any CPU
		{B208BDAA-F982-403C-AC69-067AF2CA9233}.Release|iPhoneSimulator.ActiveCfg = Release|Any CPU
		{B208BDAA-F982-403C-AC69-067AF2CA9233}.Release|iPhoneSimulator.Build.0 = Release|Any CPU
		{B208BDAA-F982-403C-AC69-067AF2CA9233}.Release|iPhoneSimulator.Deploy.0 = Release|Any CPU
		{B208BDAA-F982-403C-AC69-067AF2CA9233}.Release|x64.ActiveCfg = Release|Any CPU
		{B208BDAA-F982-403C-AC69-067AF2CA9233}.Release|x64.Build.0 = Release|Any CPU
		{B208BDAA-F982-403C-AC69-067AF2CA9233}.Release|x64.Deploy.0 = Release|Any CPU
		{B208BDAA-F982-403C-AC69-067AF2CA9233}.Release|x86.ActiveCfg = Release|Any CPU
		{B208BDAA-F982-403C-AC69-067AF2CA9233}.Release|x86.Build.0 = Release|Any CPU
		{B208BDAA-F982-403C-AC69-067AF2CA9233}.Release|x86.Deploy.0 = Release|Any CPU
		{D063AD26-91DB-47C8-AB85-FA00C36BAE12}.Ad-Hoc|Any CPU.ActiveCfg = Ad-Hoc|iPhone
		{D063AD26-91DB-47C8-AB85-FA00C36BAE12}.Ad-Hoc|ARM.ActiveCfg = Ad-Hoc|iPhone
		{D063AD26-91DB-47C8-AB85-FA00C36BAE12}.Ad-Hoc|iPhone.ActiveCfg = Ad-Hoc|iPhone
		{D063AD26-91DB-47C8-AB85-FA00C36BAE12}.Ad-Hoc|iPhone.Build.0 = Ad-Hoc|iPhone
		{D063AD26-91DB-47C8-AB85-FA00C36BAE12}.Ad-Hoc|iPhoneSimulator.ActiveCfg = Ad-Hoc|iPhoneSimulator
		{D063AD26-91DB-47C8-AB85-FA00C36BAE12}.Ad-Hoc|iPhoneSimulator.Build.0 = Ad-Hoc|iPhoneSimulator
		{D063AD26-91DB-47C8-AB85-FA00C36BAE12}.Ad-Hoc|x64.ActiveCfg = Ad-Hoc|iPhone
		{D063AD26-91DB-47C8-AB85-FA00C36BAE12}.Ad-Hoc|x86.ActiveCfg = Ad-Hoc|iPhone
		{D063AD26-91DB-47C8-AB85-FA00C36BAE12}.AppStore|Any CPU.ActiveCfg = AppStore|iPhone
		{D063AD26-91DB-47C8-AB85-FA00C36BAE12}.AppStore|ARM.ActiveCfg = AppStore|iPhone
		{D063AD26-91DB-47C8-AB85-FA00C36BAE12}.AppStore|iPhone.ActiveCfg = AppStore|iPhone
		{D063AD26-91DB-47C8-AB85-FA00C36BAE12}.AppStore|iPhone.Build.0 = AppStore|iPhone
		{D063AD26-91DB-47C8-AB85-FA00C36BAE12}.AppStore|iPhoneSimulator.ActiveCfg = AppStore|iPhoneSimulator
		{D063AD26-91DB-47C8-AB85-FA00C36BAE12}.AppStore|iPhoneSimulator.Build.0 = AppStore|iPhoneSimulator
		{D063AD26-91DB-47C8-AB85-FA00C36BAE12}.AppStore|x64.ActiveCfg = AppStore|iPhone
		{D063AD26-91DB-47C8-AB85-FA00C36BAE12}.AppStore|x86.ActiveCfg = AppStore|iPhone
		{D063AD26-91DB-47C8-AB85-FA00C36BAE12}.Debug|Any CPU.ActiveCfg = Debug|iPhone
		{D063AD26-91DB-47C8-AB85-FA00C36BAE12}.Debug|ARM.ActiveCfg = Debug|iPhone
		{D063AD26-91DB-47C8-AB85-FA00C36BAE12}.Debug|iPhone.ActiveCfg = Debug|iPhone
		{D063AD26-91DB-47C8-AB85-FA00C36BAE12}.Debug|iPhone.Build.0 = Debug|iPhone
		{D063AD26-91DB-47C8-AB85-FA00C36BAE12}.Debug|iPhoneSimulator.ActiveCfg = Debug|iPhoneSimulator
		{D063AD26-91DB-47C8-AB85-FA00C36BAE12}.Debug|iPhoneSimulator.Build.0 = Debug|iPhoneSimulator
		{D063AD26-91DB-47C8-AB85-FA00C36BAE12}.Debug|x64.ActiveCfg = Debug|iPhone
		{D063AD26-91DB-47C8-AB85-FA00C36BAE12}.Debug|x86.ActiveCfg = Debug|iPhone
		{D063AD26-91DB-47C8-AB85-FA00C36BAE12}.Release|Any CPU.ActiveCfg = Release|iPhone
		{D063AD26-91DB-47C8-AB85-FA00C36BAE12}.Release|ARM.ActiveCfg = Release|iPhone
		{D063AD26-91DB-47C8-AB85-FA00C36BAE12}.Release|iPhone.ActiveCfg = Release|iPhone
		{D063AD26-91DB-47C8-AB85-FA00C36BAE12}.Release|iPhone.Build.0 = Release|iPhone
		{D063AD26-91DB-47C8-AB85-FA00C36BAE12}.Release|iPhoneSimulator.ActiveCfg = Release|iPhoneSimulator
		{D063AD26-91DB-47C8-AB85-FA00C36BAE12}.Release|iPhoneSimulator.Build.0 = Release|iPhoneSimulator
		{D063AD26-91DB-47C8-AB85-FA00C36BAE12}.Release|x64.ActiveCfg = Release|iPhone
		{D063AD26-91DB-47C8-AB85-FA00C36BAE12}.Release|x86.ActiveCfg = Release|iPhone
		{6A05AD3D-2B9A-4F9D-B001-FD8499AE2086}.Ad-Hoc|Any CPU.ActiveCfg = Release|Any CPU
		{6A05AD3D-2B9A-4F9D-B001-FD8499AE2086}.Ad-Hoc|Any CPU.Build.0 = Release|Any CPU
		{6A05AD3D-2B9A-4F9D-B001-FD8499AE2086}.Ad-Hoc|Any CPU.Deploy.0 = Release|Any CPU
		{6A05AD3D-2B9A-4F9D-B001-FD8499AE2086}.Ad-Hoc|ARM.ActiveCfg = Release|ARM
		{6A05AD3D-2B9A-4F9D-B001-FD8499AE2086}.Ad-Hoc|ARM.Build.0 = Release|ARM
		{6A05AD3D-2B9A-4F9D-B001-FD8499AE2086}.Ad-Hoc|ARM.Deploy.0 = Release|ARM
		{6A05AD3D-2B9A-4F9D-B001-FD8499AE2086}.Ad-Hoc|iPhone.ActiveCfg = Release|Any CPU
		{6A05AD3D-2B9A-4F9D-B001-FD8499AE2086}.Ad-Hoc|iPhone.Build.0 = Release|Any CPU
		{6A05AD3D-2B9A-4F9D-B001-FD8499AE2086}.Ad-Hoc|iPhone.Deploy.0 = Release|Any CPU
		{6A05AD3D-2B9A-4F9D-B001-FD8499AE2086}.Ad-Hoc|iPhoneSimulator.ActiveCfg = Release|Any CPU
		{6A05AD3D-2B9A-4F9D-B001-FD8499AE2086}.Ad-Hoc|iPhoneSimulator.Build.0 = Release|Any CPU
		{6A05AD3D-2B9A-4F9D-B001-FD8499AE2086}.Ad-Hoc|iPhoneSimulator.Deploy.0 = Release|Any CPU
		{6A05AD3D-2B9A-4F9D-B001-FD8499AE2086}.Ad-Hoc|x64.ActiveCfg = Release|Any CPU
		{6A05AD3D-2B9A-4F9D-B001-FD8499AE2086}.Ad-Hoc|x64.Build.0 = Release|Any CPU
		{6A05AD3D-2B9A-4F9D-B001-FD8499AE2086}.Ad-Hoc|x64.Deploy.0 = Release|Any CPU
		{6A05AD3D-2B9A-4F9D-B001-FD8499AE2086}.Ad-Hoc|x86.ActiveCfg = Release|x86
		{6A05AD3D-2B9A-4F9D-B001-FD8499AE2086}.Ad-Hoc|x86.Build.0 = Release|x86
		{6A05AD3D-2B9A-4F9D-B001-FD8499AE2086}.Ad-Hoc|x86.Deploy.0 = Release|x86
		{6A05AD3D-2B9A-4F9D-B001-FD8499AE2086}.AppStore|Any CPU.ActiveCfg = Release|Any CPU
		{6A05AD3D-2B9A-4F9D-B001-FD8499AE2086}.AppStore|Any CPU.Build.0 = Release|Any CPU
		{6A05AD3D-2B9A-4F9D-B001-FD8499AE2086}.AppStore|Any CPU.Deploy.0 = Release|Any CPU
		{6A05AD3D-2B9A-4F9D-B001-FD8499AE2086}.AppStore|ARM.ActiveCfg = Release|ARM
		{6A05AD3D-2B9A-4F9D-B001-FD8499AE2086}.AppStore|ARM.Build.0 = Release|ARM
		{6A05AD3D-2B9A-4F9D-B001-FD8499AE2086}.AppStore|ARM.Deploy.0 = Release|ARM
		{6A05AD3D-2B9A-4F9D-B001-FD8499AE2086}.AppStore|iPhone.ActiveCfg = Release|Any CPU
		{6A05AD3D-2B9A-4F9D-B001-FD8499AE2086}.AppStore|iPhone.Build.0 = Release|Any CPU
		{6A05AD3D-2B9A-4F9D-B001-FD8499AE2086}.AppStore|iPhone.Deploy.0 = Release|Any CPU
		{6A05AD3D-2B9A-4F9D-B001-FD8499AE2086}.AppStore|iPhoneSimulator.ActiveCfg = Release|Any CPU
		{6A05AD3D-2B9A-4F9D-B001-FD8499AE2086}.AppStore|iPhoneSimulator.Build.0 = Release|Any CPU
		{6A05AD3D-2B9A-4F9D-B001-FD8499AE2086}.AppStore|iPhoneSimulator.Deploy.0 = Release|Any CPU
		{6A05AD3D-2B9A-4F9D-B001-FD8499AE2086}.AppStore|x64.ActiveCfg = Release|Any CPU
		{6A05AD3D-2B9A-4F9D-B001-FD8499AE2086}.AppStore|x64.Build.0 = Release|Any CPU
		{6A05AD3D-2B9A-4F9D-B001-FD8499AE2086}.AppStore|x64.Deploy.0 = Release|Any CPU
		{6A05AD3D-2B9A-4F9D-B001-FD8499AE2086}.AppStore|x86.ActiveCfg = Release|x86
		{6A05AD3D-2B9A-4F9D-B001-FD8499AE2086}.AppStore|x86.Build.0 = Release|x86
		{6A05AD3D-2B9A-4F9D-B001-FD8499AE2086}.AppStore|x86.Deploy.0 = Release|x86
		{6A05AD3D-2B9A-4F9D-B001-FD8499AE2086}.Debug|Any CPU.ActiveCfg = Debug|Any CPU
		{6A05AD3D-2B9A-4F9D-B001-FD8499AE2086}.Debug|Any CPU.Build.0 = Debug|Any CPU
		{6A05AD3D-2B9A-4F9D-B001-FD8499AE2086}.Debug|Any CPU.Deploy.0 = Debug|Any CPU
		{6A05AD3D-2B9A-4F9D-B001-FD8499AE2086}.Debug|ARM.ActiveCfg = Debug|ARM
		{6A05AD3D-2B9A-4F9D-B001-FD8499AE2086}.Debug|ARM.Build.0 = Debug|ARM
		{6A05AD3D-2B9A-4F9D-B001-FD8499AE2086}.Debug|ARM.Deploy.0 = Debug|ARM
		{6A05AD3D-2B9A-4F9D-B001-FD8499AE2086}.Debug|iPhone.ActiveCfg = Debug|Any CPU
		{6A05AD3D-2B9A-4F9D-B001-FD8499AE2086}.Debug|iPhone.Build.0 = Debug|Any CPU
		{6A05AD3D-2B9A-4F9D-B001-FD8499AE2086}.Debug|iPhone.Deploy.0 = Debug|Any CPU
		{6A05AD3D-2B9A-4F9D-B001-FD8499AE2086}.Debug|iPhoneSimulator.ActiveCfg = Debug|Any CPU
		{6A05AD3D-2B9A-4F9D-B001-FD8499AE2086}.Debug|iPhoneSimulator.Build.0 = Debug|Any CPU
		{6A05AD3D-2B9A-4F9D-B001-FD8499AE2086}.Debug|iPhoneSimulator.Deploy.0 = Debug|Any CPU
		{6A05AD3D-2B9A-4F9D-B001-FD8499AE2086}.Debug|x64.ActiveCfg = Debug|Any CPU
		{6A05AD3D-2B9A-4F9D-B001-FD8499AE2086}.Debug|x64.Build.0 = Debug|Any CPU
		{6A05AD3D-2B9A-4F9D-B001-FD8499AE2086}.Debug|x64.Deploy.0 = Debug|Any CPU
		{6A05AD3D-2B9A-4F9D-B001-FD8499AE2086}.Debug|x86.ActiveCfg = Debug|x86
		{6A05AD3D-2B9A-4F9D-B001-FD8499AE2086}.Debug|x86.Build.0 = Debug|x86
		{6A05AD3D-2B9A-4F9D-B001-FD8499AE2086}.Debug|x86.Deploy.0 = Debug|x86
		{6A05AD3D-2B9A-4F9D-B001-FD8499AE2086}.Release|Any CPU.ActiveCfg = Release|Any CPU
		{6A05AD3D-2B9A-4F9D-B001-FD8499AE2086}.Release|Any CPU.Build.0 = Release|Any CPU
		{6A05AD3D-2B9A-4F9D-B001-FD8499AE2086}.Release|Any CPU.Deploy.0 = Release|Any CPU
		{6A05AD3D-2B9A-4F9D-B001-FD8499AE2086}.Release|ARM.ActiveCfg = Release|ARM
		{6A05AD3D-2B9A-4F9D-B001-FD8499AE2086}.Release|ARM.Build.0 = Release|ARM
		{6A05AD3D-2B9A-4F9D-B001-FD8499AE2086}.Release|ARM.Deploy.0 = Release|ARM
		{6A05AD3D-2B9A-4F9D-B001-FD8499AE2086}.Release|iPhone.ActiveCfg = Release|Any CPU
		{6A05AD3D-2B9A-4F9D-B001-FD8499AE2086}.Release|iPhone.Build.0 = Release|Any CPU
		{6A05AD3D-2B9A-4F9D-B001-FD8499AE2086}.Release|iPhone.Deploy.0 = Release|Any CPU
		{6A05AD3D-2B9A-4F9D-B001-FD8499AE2086}.Release|iPhoneSimulator.ActiveCfg = Release|Any CPU
		{6A05AD3D-2B9A-4F9D-B001-FD8499AE2086}.Release|iPhoneSimulator.Build.0 = Release|Any CPU
		{6A05AD3D-2B9A-4F9D-B001-FD8499AE2086}.Release|iPhoneSimulator.Deploy.0 = Release|Any CPU
		{6A05AD3D-2B9A-4F9D-B001-FD8499AE2086}.Release|x64.ActiveCfg = Release|Any CPU
		{6A05AD3D-2B9A-4F9D-B001-FD8499AE2086}.Release|x64.Build.0 = Release|Any CPU
		{6A05AD3D-2B9A-4F9D-B001-FD8499AE2086}.Release|x64.Deploy.0 = Release|Any CPU
		{6A05AD3D-2B9A-4F9D-B001-FD8499AE2086}.Release|x86.ActiveCfg = Release|x86
		{6A05AD3D-2B9A-4F9D-B001-FD8499AE2086}.Release|x86.Build.0 = Release|x86
		{6A05AD3D-2B9A-4F9D-B001-FD8499AE2086}.Release|x86.Deploy.0 = Release|x86
		{AFFCBA14-19E8-45DC-94BD-F3BF7124924A}.Ad-Hoc|Any CPU.ActiveCfg = Release|x86
		{AFFCBA14-19E8-45DC-94BD-F3BF7124924A}.Ad-Hoc|Any CPU.Build.0 = Release|x86
		{AFFCBA14-19E8-45DC-94BD-F3BF7124924A}.Ad-Hoc|Any CPU.Deploy.0 = Release|x86
		{AFFCBA14-19E8-45DC-94BD-F3BF7124924A}.Ad-Hoc|ARM.ActiveCfg = Release|ARM
		{AFFCBA14-19E8-45DC-94BD-F3BF7124924A}.Ad-Hoc|ARM.Build.0 = Release|ARM
		{AFFCBA14-19E8-45DC-94BD-F3BF7124924A}.Ad-Hoc|ARM.Deploy.0 = Release|ARM
		{AFFCBA14-19E8-45DC-94BD-F3BF7124924A}.Ad-Hoc|iPhone.ActiveCfg = Release|x86
		{AFFCBA14-19E8-45DC-94BD-F3BF7124924A}.Ad-Hoc|iPhone.Build.0 = Release|x86
		{AFFCBA14-19E8-45DC-94BD-F3BF7124924A}.Ad-Hoc|iPhone.Deploy.0 = Release|x86
		{AFFCBA14-19E8-45DC-94BD-F3BF7124924A}.Ad-Hoc|iPhoneSimulator.ActiveCfg = Release|x86
		{AFFCBA14-19E8-45DC-94BD-F3BF7124924A}.Ad-Hoc|iPhoneSimulator.Build.0 = Release|x86
		{AFFCBA14-19E8-45DC-94BD-F3BF7124924A}.Ad-Hoc|iPhoneSimulator.Deploy.0 = Release|x86
		{AFFCBA14-19E8-45DC-94BD-F3BF7124924A}.Ad-Hoc|x64.ActiveCfg = Release|x64
		{AFFCBA14-19E8-45DC-94BD-F3BF7124924A}.Ad-Hoc|x64.Build.0 = Release|x64
		{AFFCBA14-19E8-45DC-94BD-F3BF7124924A}.Ad-Hoc|x64.Deploy.0 = Release|x64
		{AFFCBA14-19E8-45DC-94BD-F3BF7124924A}.Ad-Hoc|x86.ActiveCfg = Release|x86
		{AFFCBA14-19E8-45DC-94BD-F3BF7124924A}.Ad-Hoc|x86.Build.0 = Release|x86
		{AFFCBA14-19E8-45DC-94BD-F3BF7124924A}.Ad-Hoc|x86.Deploy.0 = Release|x86
		{AFFCBA14-19E8-45DC-94BD-F3BF7124924A}.AppStore|Any CPU.ActiveCfg = Release|x86
		{AFFCBA14-19E8-45DC-94BD-F3BF7124924A}.AppStore|Any CPU.Build.0 = Release|x86
		{AFFCBA14-19E8-45DC-94BD-F3BF7124924A}.AppStore|Any CPU.Deploy.0 = Release|x86
		{AFFCBA14-19E8-45DC-94BD-F3BF7124924A}.AppStore|ARM.ActiveCfg = Release|ARM
		{AFFCBA14-19E8-45DC-94BD-F3BF7124924A}.AppStore|ARM.Build.0 = Release|ARM
		{AFFCBA14-19E8-45DC-94BD-F3BF7124924A}.AppStore|ARM.Deploy.0 = Release|ARM
		{AFFCBA14-19E8-45DC-94BD-F3BF7124924A}.AppStore|iPhone.ActiveCfg = Release|x86
		{AFFCBA14-19E8-45DC-94BD-F3BF7124924A}.AppStore|iPhone.Build.0 = Release|x86
		{AFFCBA14-19E8-45DC-94BD-F3BF7124924A}.AppStore|iPhone.Deploy.0 = Release|x86
		{AFFCBA14-19E8-45DC-94BD-F3BF7124924A}.AppStore|iPhoneSimulator.ActiveCfg = Release|x86
		{AFFCBA14-19E8-45DC-94BD-F3BF7124924A}.AppStore|iPhoneSimulator.Build.0 = Release|x86
		{AFFCBA14-19E8-45DC-94BD-F3BF7124924A}.AppStore|iPhoneSimulator.Deploy.0 = Release|x86
		{AFFCBA14-19E8-45DC-94BD-F3BF7124924A}.AppStore|x64.ActiveCfg = Release|x64
		{AFFCBA14-19E8-45DC-94BD-F3BF7124924A}.AppStore|x64.Build.0 = Release|x64
		{AFFCBA14-19E8-45DC-94BD-F3BF7124924A}.AppStore|x64.Deploy.0 = Release|x64
		{AFFCBA14-19E8-45DC-94BD-F3BF7124924A}.AppStore|x86.ActiveCfg = Release|x86
		{AFFCBA14-19E8-45DC-94BD-F3BF7124924A}.AppStore|x86.Build.0 = Release|x86
		{AFFCBA14-19E8-45DC-94BD-F3BF7124924A}.AppStore|x86.Deploy.0 = Release|x86
		{AFFCBA14-19E8-45DC-94BD-F3BF7124924A}.Debug|Any CPU.ActiveCfg = Debug|x86
		{AFFCBA14-19E8-45DC-94BD-F3BF7124924A}.Debug|ARM.ActiveCfg = Debug|ARM
		{AFFCBA14-19E8-45DC-94BD-F3BF7124924A}.Debug|ARM.Build.0 = Debug|ARM
		{AFFCBA14-19E8-45DC-94BD-F3BF7124924A}.Debug|ARM.Deploy.0 = Debug|ARM
		{AFFCBA14-19E8-45DC-94BD-F3BF7124924A}.Debug|iPhone.ActiveCfg = Debug|x86
		{AFFCBA14-19E8-45DC-94BD-F3BF7124924A}.Debug|iPhoneSimulator.ActiveCfg = Debug|x86
		{AFFCBA14-19E8-45DC-94BD-F3BF7124924A}.Debug|x64.ActiveCfg = Debug|x64
		{AFFCBA14-19E8-45DC-94BD-F3BF7124924A}.Debug|x64.Build.0 = Debug|x64
		{AFFCBA14-19E8-45DC-94BD-F3BF7124924A}.Debug|x64.Deploy.0 = Debug|x64
		{AFFCBA14-19E8-45DC-94BD-F3BF7124924A}.Debug|x86.ActiveCfg = Debug|x86
		{AFFCBA14-19E8-45DC-94BD-F3BF7124924A}.Debug|x86.Build.0 = Debug|x86
		{AFFCBA14-19E8-45DC-94BD-F3BF7124924A}.Debug|x86.Deploy.0 = Debug|x86
		{AFFCBA14-19E8-45DC-94BD-F3BF7124924A}.Release|Any CPU.ActiveCfg = Release|x86
		{AFFCBA14-19E8-45DC-94BD-F3BF7124924A}.Release|ARM.ActiveCfg = Release|ARM
		{AFFCBA14-19E8-45DC-94BD-F3BF7124924A}.Release|ARM.Build.0 = Release|ARM
		{AFFCBA14-19E8-45DC-94BD-F3BF7124924A}.Release|ARM.Deploy.0 = Release|ARM
		{AFFCBA14-19E8-45DC-94BD-F3BF7124924A}.Release|iPhone.ActiveCfg = Release|x86
		{AFFCBA14-19E8-45DC-94BD-F3BF7124924A}.Release|iPhoneSimulator.ActiveCfg = Release|x86
		{AFFCBA14-19E8-45DC-94BD-F3BF7124924A}.Release|x64.ActiveCfg = Release|x64
		{AFFCBA14-19E8-45DC-94BD-F3BF7124924A}.Release|x64.Build.0 = Release|x64
		{AFFCBA14-19E8-45DC-94BD-F3BF7124924A}.Release|x64.Deploy.0 = Release|x64
		{AFFCBA14-19E8-45DC-94BD-F3BF7124924A}.Release|x86.ActiveCfg = Release|x86
		{AFFCBA14-19E8-45DC-94BD-F3BF7124924A}.Release|x86.Build.0 = Release|x86
		{AFFCBA14-19E8-45DC-94BD-F3BF7124924A}.Release|x86.Deploy.0 = Release|x86
		{A937DB6D-C28C-4D60-BFDB-8A1549319EEA}.Ad-Hoc|Any CPU.ActiveCfg = Release|Any CPU
		{A937DB6D-C28C-4D60-BFDB-8A1549319EEA}.Ad-Hoc|Any CPU.Build.0 = Release|Any CPU
		{A937DB6D-C28C-4D60-BFDB-8A1549319EEA}.Ad-Hoc|Any CPU.Deploy.0 = Release|Any CPU
		{A937DB6D-C28C-4D60-BFDB-8A1549319EEA}.Ad-Hoc|ARM.ActiveCfg = Release|ARM
		{A937DB6D-C28C-4D60-BFDB-8A1549319EEA}.Ad-Hoc|ARM.Build.0 = Release|ARM
		{A937DB6D-C28C-4D60-BFDB-8A1549319EEA}.Ad-Hoc|ARM.Deploy.0 = Release|ARM
		{A937DB6D-C28C-4D60-BFDB-8A1549319EEA}.Ad-Hoc|iPhone.ActiveCfg = Release|Any CPU
		{A937DB6D-C28C-4D60-BFDB-8A1549319EEA}.Ad-Hoc|iPhone.Build.0 = Release|Any CPU
		{A937DB6D-C28C-4D60-BFDB-8A1549319EEA}.Ad-Hoc|iPhone.Deploy.0 = Release|Any CPU
		{A937DB6D-C28C-4D60-BFDB-8A1549319EEA}.Ad-Hoc|iPhoneSimulator.ActiveCfg = Release|Any CPU
		{A937DB6D-C28C-4D60-BFDB-8A1549319EEA}.Ad-Hoc|iPhoneSimulator.Build.0 = Release|Any CPU
		{A937DB6D-C28C-4D60-BFDB-8A1549319EEA}.Ad-Hoc|iPhoneSimulator.Deploy.0 = Release|Any CPU
		{A937DB6D-C28C-4D60-BFDB-8A1549319EEA}.Ad-Hoc|x64.ActiveCfg = Release|x64
		{A937DB6D-C28C-4D60-BFDB-8A1549319EEA}.Ad-Hoc|x64.Build.0 = Release|x64
		{A937DB6D-C28C-4D60-BFDB-8A1549319EEA}.Ad-Hoc|x64.Deploy.0 = Release|x64
		{A937DB6D-C28C-4D60-BFDB-8A1549319EEA}.Ad-Hoc|x86.ActiveCfg = Release|x86
		{A937DB6D-C28C-4D60-BFDB-8A1549319EEA}.Ad-Hoc|x86.Build.0 = Release|x86
		{A937DB6D-C28C-4D60-BFDB-8A1549319EEA}.Ad-Hoc|x86.Deploy.0 = Release|x86
		{A937DB6D-C28C-4D60-BFDB-8A1549319EEA}.AppStore|Any CPU.ActiveCfg = Release|Any CPU
		{A937DB6D-C28C-4D60-BFDB-8A1549319EEA}.AppStore|Any CPU.Build.0 = Release|Any CPU
		{A937DB6D-C28C-4D60-BFDB-8A1549319EEA}.AppStore|Any CPU.Deploy.0 = Release|Any CPU
		{A937DB6D-C28C-4D60-BFDB-8A1549319EEA}.AppStore|ARM.ActiveCfg = Release|ARM
		{A937DB6D-C28C-4D60-BFDB-8A1549319EEA}.AppStore|ARM.Build.0 = Release|ARM
		{A937DB6D-C28C-4D60-BFDB-8A1549319EEA}.AppStore|ARM.Deploy.0 = Release|ARM
		{A937DB6D-C28C-4D60-BFDB-8A1549319EEA}.AppStore|iPhone.ActiveCfg = Release|Any CPU
		{A937DB6D-C28C-4D60-BFDB-8A1549319EEA}.AppStore|iPhone.Build.0 = Release|Any CPU
		{A937DB6D-C28C-4D60-BFDB-8A1549319EEA}.AppStore|iPhone.Deploy.0 = Release|Any CPU
		{A937DB6D-C28C-4D60-BFDB-8A1549319EEA}.AppStore|iPhoneSimulator.ActiveCfg = Release|Any CPU
		{A937DB6D-C28C-4D60-BFDB-8A1549319EEA}.AppStore|iPhoneSimulator.Build.0 = Release|Any CPU
		{A937DB6D-C28C-4D60-BFDB-8A1549319EEA}.AppStore|iPhoneSimulator.Deploy.0 = Release|Any CPU
		{A937DB6D-C28C-4D60-BFDB-8A1549319EEA}.AppStore|x64.ActiveCfg = Release|x64
		{A937DB6D-C28C-4D60-BFDB-8A1549319EEA}.AppStore|x64.Build.0 = Release|x64
		{A937DB6D-C28C-4D60-BFDB-8A1549319EEA}.AppStore|x64.Deploy.0 = Release|x64
		{A937DB6D-C28C-4D60-BFDB-8A1549319EEA}.AppStore|x86.ActiveCfg = Release|x86
		{A937DB6D-C28C-4D60-BFDB-8A1549319EEA}.AppStore|x86.Build.0 = Release|x86
		{A937DB6D-C28C-4D60-BFDB-8A1549319EEA}.AppStore|x86.Deploy.0 = Release|x86
		{A937DB6D-C28C-4D60-BFDB-8A1549319EEA}.Debug|Any CPU.ActiveCfg = Debug|Any CPU
		{A937DB6D-C28C-4D60-BFDB-8A1549319EEA}.Debug|Any CPU.Build.0 = Debug|Any CPU
		{A937DB6D-C28C-4D60-BFDB-8A1549319EEA}.Debug|Any CPU.Deploy.0 = Debug|Any CPU
		{A937DB6D-C28C-4D60-BFDB-8A1549319EEA}.Debug|ARM.ActiveCfg = Debug|ARM
		{A937DB6D-C28C-4D60-BFDB-8A1549319EEA}.Debug|ARM.Build.0 = Debug|ARM
		{A937DB6D-C28C-4D60-BFDB-8A1549319EEA}.Debug|ARM.Deploy.0 = Debug|ARM
		{A937DB6D-C28C-4D60-BFDB-8A1549319EEA}.Debug|iPhone.ActiveCfg = Debug|Any CPU
		{A937DB6D-C28C-4D60-BFDB-8A1549319EEA}.Debug|iPhone.Build.0 = Debug|Any CPU
		{A937DB6D-C28C-4D60-BFDB-8A1549319EEA}.Debug|iPhone.Deploy.0 = Debug|Any CPU
		{A937DB6D-C28C-4D60-BFDB-8A1549319EEA}.Debug|iPhoneSimulator.ActiveCfg = Debug|Any CPU
		{A937DB6D-C28C-4D60-BFDB-8A1549319EEA}.Debug|iPhoneSimulator.Build.0 = Debug|Any CPU
		{A937DB6D-C28C-4D60-BFDB-8A1549319EEA}.Debug|iPhoneSimulator.Deploy.0 = Debug|Any CPU
		{A937DB6D-C28C-4D60-BFDB-8A1549319EEA}.Debug|x64.ActiveCfg = Debug|x64
		{A937DB6D-C28C-4D60-BFDB-8A1549319EEA}.Debug|x64.Build.0 = Debug|x64
		{A937DB6D-C28C-4D60-BFDB-8A1549319EEA}.Debug|x64.Deploy.0 = Debug|x64
		{A937DB6D-C28C-4D60-BFDB-8A1549319EEA}.Debug|x86.ActiveCfg = Debug|x86
		{A937DB6D-C28C-4D60-BFDB-8A1549319EEA}.Debug|x86.Build.0 = Debug|x86
		{A937DB6D-C28C-4D60-BFDB-8A1549319EEA}.Debug|x86.Deploy.0 = Debug|x86
		{A937DB6D-C28C-4D60-BFDB-8A1549319EEA}.Release|Any CPU.ActiveCfg = Release|Any CPU
		{A937DB6D-C28C-4D60-BFDB-8A1549319EEA}.Release|Any CPU.Build.0 = Release|Any CPU
		{A937DB6D-C28C-4D60-BFDB-8A1549319EEA}.Release|Any CPU.Deploy.0 = Release|Any CPU
		{A937DB6D-C28C-4D60-BFDB-8A1549319EEA}.Release|ARM.ActiveCfg = Release|ARM
		{A937DB6D-C28C-4D60-BFDB-8A1549319EEA}.Release|ARM.Build.0 = Release|ARM
		{A937DB6D-C28C-4D60-BFDB-8A1549319EEA}.Release|ARM.Deploy.0 = Release|ARM
		{A937DB6D-C28C-4D60-BFDB-8A1549319EEA}.Release|iPhone.ActiveCfg = Release|Any CPU
		{A937DB6D-C28C-4D60-BFDB-8A1549319EEA}.Release|iPhone.Build.0 = Release|Any CPU
		{A937DB6D-C28C-4D60-BFDB-8A1549319EEA}.Release|iPhone.Deploy.0 = Release|Any CPU
		{A937DB6D-C28C-4D60-BFDB-8A1549319EEA}.Release|iPhoneSimulator.ActiveCfg = Release|Any CPU
		{A937DB6D-C28C-4D60-BFDB-8A1549319EEA}.Release|iPhoneSimulator.Build.0 = Release|Any CPU
		{A937DB6D-C28C-4D60-BFDB-8A1549319EEA}.Release|iPhoneSimulator.Deploy.0 = Release|Any CPU
		{A937DB6D-C28C-4D60-BFDB-8A1549319EEA}.Release|x64.ActiveCfg = Release|x64
		{A937DB6D-C28C-4D60-BFDB-8A1549319EEA}.Release|x64.Build.0 = Release|x64
		{A937DB6D-C28C-4D60-BFDB-8A1549319EEA}.Release|x64.Deploy.0 = Release|x64
		{A937DB6D-C28C-4D60-BFDB-8A1549319EEA}.Release|x86.ActiveCfg = Release|x86
		{A937DB6D-C28C-4D60-BFDB-8A1549319EEA}.Release|x86.Build.0 = Release|x86
		{A937DB6D-C28C-4D60-BFDB-8A1549319EEA}.Release|x86.Deploy.0 = Release|x86
		{34674AFB-0AC1-4C86-95CF-EA033EC4D546}.Ad-Hoc|Any CPU.ActiveCfg = Release|Any CPU
		{34674AFB-0AC1-4C86-95CF-EA033EC4D546}.Ad-Hoc|Any CPU.Build.0 = Release|Any CPU
		{34674AFB-0AC1-4C86-95CF-EA033EC4D546}.Ad-Hoc|ARM.ActiveCfg = Release|Any CPU
		{34674AFB-0AC1-4C86-95CF-EA033EC4D546}.Ad-Hoc|ARM.Build.0 = Release|Any CPU
		{34674AFB-0AC1-4C86-95CF-EA033EC4D546}.Ad-Hoc|iPhone.ActiveCfg = Release|Any CPU
		{34674AFB-0AC1-4C86-95CF-EA033EC4D546}.Ad-Hoc|iPhone.Build.0 = Release|Any CPU
		{34674AFB-0AC1-4C86-95CF-EA033EC4D546}.Ad-Hoc|iPhoneSimulator.ActiveCfg = Release|Any CPU
		{34674AFB-0AC1-4C86-95CF-EA033EC4D546}.Ad-Hoc|iPhoneSimulator.Build.0 = Release|Any CPU
		{34674AFB-0AC1-4C86-95CF-EA033EC4D546}.Ad-Hoc|x64.ActiveCfg = Release|Any CPU
		{34674AFB-0AC1-4C86-95CF-EA033EC4D546}.Ad-Hoc|x64.Build.0 = Release|Any CPU
		{34674AFB-0AC1-4C86-95CF-EA033EC4D546}.Ad-Hoc|x86.ActiveCfg = Release|Any CPU
		{34674AFB-0AC1-4C86-95CF-EA033EC4D546}.Ad-Hoc|x86.Build.0 = Release|Any CPU
		{34674AFB-0AC1-4C86-95CF-EA033EC4D546}.AppStore|Any CPU.ActiveCfg = Release|Any CPU
		{34674AFB-0AC1-4C86-95CF-EA033EC4D546}.AppStore|Any CPU.Build.0 = Release|Any CPU
		{34674AFB-0AC1-4C86-95CF-EA033EC4D546}.AppStore|ARM.ActiveCfg = Release|Any CPU
		{34674AFB-0AC1-4C86-95CF-EA033EC4D546}.AppStore|ARM.Build.0 = Release|Any CPU
		{34674AFB-0AC1-4C86-95CF-EA033EC4D546}.AppStore|iPhone.ActiveCfg = Release|Any CPU
		{34674AFB-0AC1-4C86-95CF-EA033EC4D546}.AppStore|iPhone.Build.0 = Release|Any CPU
		{34674AFB-0AC1-4C86-95CF-EA033EC4D546}.AppStore|iPhoneSimulator.ActiveCfg = Release|Any CPU
		{34674AFB-0AC1-4C86-95CF-EA033EC4D546}.AppStore|iPhoneSimulator.Build.0 = Release|Any CPU
		{34674AFB-0AC1-4C86-95CF-EA033EC4D546}.AppStore|x64.ActiveCfg = Release|Any CPU
		{34674AFB-0AC1-4C86-95CF-EA033EC4D546}.AppStore|x64.Build.0 = Release|Any CPU
		{34674AFB-0AC1-4C86-95CF-EA033EC4D546}.AppStore|x86.ActiveCfg = Release|Any CPU
		{34674AFB-0AC1-4C86-95CF-EA033EC4D546}.AppStore|x86.Build.0 = Release|Any CPU
		{34674AFB-0AC1-4C86-95CF-EA033EC4D546}.Debug|Any CPU.ActiveCfg = Debug|Any CPU
		{34674AFB-0AC1-4C86-95CF-EA033EC4D546}.Debug|Any CPU.Build.0 = Debug|Any CPU
		{34674AFB-0AC1-4C86-95CF-EA033EC4D546}.Debug|ARM.ActiveCfg = Debug|Any CPU
		{34674AFB-0AC1-4C86-95CF-EA033EC4D546}.Debug|ARM.Build.0 = Debug|Any CPU
		{34674AFB-0AC1-4C86-95CF-EA033EC4D546}.Debug|iPhone.ActiveCfg = Debug|Any CPU
		{34674AFB-0AC1-4C86-95CF-EA033EC4D546}.Debug|iPhone.Build.0 = Debug|Any CPU
		{34674AFB-0AC1-4C86-95CF-EA033EC4D546}.Debug|iPhoneSimulator.ActiveCfg = Debug|Any CPU
		{34674AFB-0AC1-4C86-95CF-EA033EC4D546}.Debug|iPhoneSimulator.Build.0 = Debug|Any CPU
		{34674AFB-0AC1-4C86-95CF-EA033EC4D546}.Debug|x64.ActiveCfg = Debug|Any CPU
		{34674AFB-0AC1-4C86-95CF-EA033EC4D546}.Debug|x64.Build.0 = Debug|Any CPU
		{34674AFB-0AC1-4C86-95CF-EA033EC4D546}.Debug|x86.ActiveCfg = Debug|Any CPU
		{34674AFB-0AC1-4C86-95CF-EA033EC4D546}.Debug|x86.Build.0 = Debug|Any CPU
		{34674AFB-0AC1-4C86-95CF-EA033EC4D546}.Release|Any CPU.ActiveCfg = Release|Any CPU
		{34674AFB-0AC1-4C86-95CF-EA033EC4D546}.Release|Any CPU.Build.0 = Release|Any CPU
		{34674AFB-0AC1-4C86-95CF-EA033EC4D546}.Release|ARM.ActiveCfg = Release|Any CPU
		{34674AFB-0AC1-4C86-95CF-EA033EC4D546}.Release|ARM.Build.0 = Release|Any CPU
		{34674AFB-0AC1-4C86-95CF-EA033EC4D546}.Release|iPhone.ActiveCfg = Release|Any CPU
		{34674AFB-0AC1-4C86-95CF-EA033EC4D546}.Release|iPhone.Build.0 = Release|Any CPU
		{34674AFB-0AC1-4C86-95CF-EA033EC4D546}.Release|iPhoneSimulator.ActiveCfg = Release|Any CPU
		{34674AFB-0AC1-4C86-95CF-EA033EC4D546}.Release|iPhoneSimulator.Build.0 = Release|Any CPU
		{34674AFB-0AC1-4C86-95CF-EA033EC4D546}.Release|x64.ActiveCfg = Release|Any CPU
		{34674AFB-0AC1-4C86-95CF-EA033EC4D546}.Release|x64.Build.0 = Release|Any CPU
		{34674AFB-0AC1-4C86-95CF-EA033EC4D546}.Release|x86.ActiveCfg = Release|Any CPU
		{34674AFB-0AC1-4C86-95CF-EA033EC4D546}.Release|x86.Build.0 = Release|Any CPU
	EndGlobalSection
	GlobalSection(SolutionProperties) = preSolution
		HideSolutionNode = FALSE
	EndGlobalSection
EndGlobal
